github.com/apache/thrift v0.18.1 h1:lNhK/1nqjbwbiOPDBPFJVKxgDEGSepKuTh6OLiXW8kg=
github.com/apache/thrift v0.18.1/go.mod h1:rdQn/dCcDKEWjjylUeueum4vQEjG2v8v2PqriUnbr+I=
github.com/golang/snappy v0.0.4 h1:yAGX7huGHXlcLOEtBnF4w7FQwA26wojNCwOYAEhLjQM=
github.com/golang/snappy v0.0.4/go.mod h1:/XxbfmMg8lxefKM7IXC3fBNl/7bRcc72aCRzEWrmP2Q=
github.com/parsyl/parquet v0.8.0 h1:GRAQsKC4q/jnXEeEWUYDpnBaaXW3wJhe7WSS6Hx1iME=
github.com/parsyl/parquet v0.8.0/go.mod h1:1qeL6S+DWKITpeRdFRw9A0iz+vBx7sEXC7RxmzLn1tU=
github.com/valyala/bytebufferpool v1.0.0 h1:GqA5TC/0021Y/b9FG4Oi9Mr3q7XYx6KllzawFIhcdPw=
github.com/valyala/bytebufferpool v1.0.0/go.mod h1:6bBcMArwyJ5K/AmCkWv1jt77kVWyCJ6HpOuEn7z0Csc=
